
Microsoft Visual Studio Solution File, Format Version 12.00
# Visual Studio 15
VisualStudioVersion = 15.0.27428.2015
MinimumVisualStudioVersion = 10.0.40219.1
Project("{FAE04EC0-301F-11D3-BF4B-00C04F79EFBC}") = "WebApp", "WebApp\WebApp.csproj", "{69CAC14E-AFA5-443C-AF0A-158520185401}"
EndProject
Global
	GlobalSection(SolutionConfigurationPlatforms) = preSolution
		Debug|Any CPU = Debug|Any CPU
		Release|Any CPU = Release|Any CPU
	EndGlobalSection
	GlobalSection(ProjectConfigurationPlatforms) = postSolution
		{69CAC14E-AFA5-443C-AF0A-158520185401}.Debug|Any CPU.ActiveCfg = Debug|Any CPU
		{69CAC14E-AFA5-443C-AF0A-158520185401}.Debug|Any CPU.Build.0 = Debug|Any CPU
		{69CAC14E-AFA5-443C-AF0A-158520185401}.Release|Any CPU.ActiveCfg = Release|Any CPU
		{69CAC14E-AFA5-443C-AF0A-158520185401}.Release|Any CPU.Build.0 = Release|Any CPU
	EndGlobalSection
	GlobalSection(SolutionProperties) = preSolution
		HideSolutionNode = FALSE
	EndGlobalSection
	GlobalSection(ExtensibilityGlobals) = postSolution
		SolutionGuid = {7666D630-2059-488A-9012-193BCAE08D33}
	EndGlobalSection
EndGlobal
